
Microsoft Visual Studio Solution File, Format Version 12.00
# Visual Studio Version 17
VisualStudioVersion = 17.5.33516.290
MinimumVisualStudioVersion = 10.0.40219.1
Project("{B7DD6F7E-DEF8-4E67-B5B7-07EF123DB6F0}") = "WaitFor", "WaitFor.wixproj", "{136879D9-F944-44DD-8CD3-1DA850F31343}"
EndProject
Global
	GlobalSection(SolutionConfigurationPlatforms) = preSolution
		Debug|ARM64 = Debug|ARM64
		Debug|x64 = Debug|x64
		Debug|x86 = Debug|x86
		Release|ARM64 = Release|ARM64
		Release|x64 = Release|x64
		Release|x86 = Release|x86
	EndGlobalSection
	GlobalSection(ProjectConfigurationPlatforms) = postSolution
		{136879D9-F944-44DD-8CD3-1DA850F31343}.Debug|ARM64.ActiveCfg = Debug|ARM64
		{136879D9-F944-44DD-8CD3-1DA850F31343}.Debug|ARM64.Build.0 = Debug|ARM64
		{136879D9-F944-44DD-8CD3-1DA850F31343}.Debug|x64.ActiveCfg = Debug|x64
		{136879D9-F944-44DD-8CD3-1DA850F31343}.Debug|x64.Build.0 = Debug|x64
		{136879D9-F944-44DD-8CD3-1DA850F31343}.Debug|x86.ActiveCfg = Debug|x86
		{136879D9-F944-44DD-8CD3-1DA850F31343}.Debug|x86.Build.0 = Debug|x86
		{136879D9-F944-44DD-8CD3-1DA850F31343}.Release|ARM64.ActiveCfg = Release|ARM64
		{136879D9-F944-44DD-8CD3-1DA850F31343}.Release|ARM64.Build.0 = Release|ARM64
		{136879D9-F944-44DD-8CD3-1DA850F31343}.Release|x64.ActiveCfg = Release|x64
		{136879D9-F944-44DD-8CD3-1DA850F31343}.Release|x64.Build.0 = Release|x64
		{136879D9-F944-44DD-8CD3-1DA850F31343}.Release|x86.ActiveCfg = Release|x86
		{136879D9-F944-44DD-8CD3-1DA850F31343}.Release|x86.Build.0 = Release|x86
	EndGlobalSection
	GlobalSection(SolutionProperties) = preSolution
		HideSolutionNode = FALSE
	EndGlobalSection
	GlobalSection(ExtensibilityGlobals) = postSolution
		SolutionGuid = {96698268-8DDC-423C-9718-DEE5344B4D0D}
	EndGlobalSection
EndGlobal
